// !$*UTF8*$!
{
	archiveVersion = 1;
	classes = {
	};
	objectVersion = 56;
	objects = {

/* Begin PBXBuildFile section */
		002F6A542BC24055005BBBFE /* RecentKeywordTableViewCell.swift in Sources */ = {isa = PBXBuildFile; fileRef = 002F6A532BC24055005BBBFE /* RecentKeywordTableViewCell.swift */; };
		0055CB2C2BC27EB70068E3EB /* UserDefaults+Extension.swift in Sources */ = {isa = PBXBuildFile; fileRef = 0055CB2B2BC27EB70068E3EB /* UserDefaults+Extension.swift */; };
		00825F002BC12A1800BC54D1 /* ShoppingModel.swift in Sources */ = {isa = PBXBuildFile; fileRef = 00825EFF2BC12A1800BC54D1 /* ShoppingModel.swift */; };
		00825F022BC12C7700BC54D1 /* NaverShoppingManager.swift in Sources */ = {isa = PBXBuildFile; fileRef = 00825F012BC12C7700BC54D1 /* NaverShoppingManager.swift */; };
		00825F052BC12D1900BC54D1 /* Alamofire in Frameworks */ = {isa = PBXBuildFile; productRef = 00825F042BC12D1900BC54D1 /* Alamofire */; };
		00825F092BC136EB00BC54D1 /* SearchTableViewCell.swift in Sources */ = {isa = PBXBuildFile; fileRef = 00825F082BC136EB00BC54D1 /* SearchTableViewCell.swift */; };
		00825F0B2BC1372400BC54D1 /* UITableViewCellConfiguration.swift in Sources */ = {isa = PBXBuildFile; fileRef = 00825F0A2BC1372400BC54D1 /* UITableViewCellConfiguration.swift */; };
		00825F0D2BC152B200BC54D1 /* APIKeys.swift in Sources */ = {isa = PBXBuildFile; fileRef = 00825F0C2BC152B200BC54D1 /* APIKeys.swift */; };
		00825F0F2BC15A8200BC54D1 /* String+Extension.swift in Sources */ = {isa = PBXBuildFile; fileRef = 00825F0E2BC15A8200BC54D1 /* String+Extension.swift */; };
		00825F132BC15C4E00BC54D1 /* DetailViewController.swift in Sources */ = {isa = PBXBuildFile; fileRef = 00825F122BC15C4E00BC54D1 /* DetailViewController.swift */; };
		00825F1B2BC1793900BC54D1 /* MainViewController.swift in Sources */ = {isa = PBXBuildFile; fileRef = 00825F1A2BC1793900BC54D1 /* MainViewController.swift */; };
		00825F1D2BC179E000BC54D1 /* BookmarkViewController.swift in Sources */ = {isa = PBXBuildFile; fileRef = 00825F1C2BC179E000BC54D1 /* BookmarkViewController.swift */; };
		00825F212BC17C3C00BC54D1 /* Bookmark.swift in Sources */ = {isa = PBXBuildFile; fileRef = 00825F202BC17C3C00BC54D1 /* Bookmark.swift */; };
		00825F232BC17D2200BC54D1 /* RealmManager.swift in Sources */ = {isa = PBXBuildFile; fileRef = 00825F222BC17D2200BC54D1 /* RealmManager.swift */; };
		00825F252BC17FF300BC54D1 /* DetailViewModel.swift in Sources */ = {isa = PBXBuildFile; fileRef = 00825F242BC17FF300BC54D1 /* DetailViewModel.swift */; };
		00825F292BC18D8E00BC54D1 /* Realm in Frameworks */ = {isa = PBXBuildFile; productRef = 00825F282BC18D8E00BC54D1 /* Realm */; };
		00825F2B2BC18D8E00BC54D1 /* RealmSwift in Frameworks */ = {isa = PBXBuildFile; productRef = 00825F2A2BC18D8E00BC54D1 /* RealmSwift */; };
		00825F2E2BC19BA300BC54D1 /* BookmarkCollectionViewCell.swift in Sources */ = {isa = PBXBuildFile; fileRef = 00825F2D2BC19BA300BC54D1 /* BookmarkCollectionViewCell.swift */; };
		00825F302BC19BCB00BC54D1 /* UICollectionViewCellConfiguration.swift in Sources */ = {isa = PBXBuildFile; fileRef = 00825F2F2BC19BCB00BC54D1 /* UICollectionViewCellConfiguration.swift */; };
		00825F322BC19D5700BC54D1 /* UICollectionViewConfiguration.swift in Sources */ = {isa = PBXBuildFile; fileRef = 00825F312BC19D5700BC54D1 /* UICollectionViewConfiguration.swift */; };
		00825F342BC19F3D00BC54D1 /* BookmarkViewModel.swift in Sources */ = {isa = PBXBuildFile; fileRef = 00825F332BC19F3D00BC54D1 /* BookmarkViewModel.swift */; };
		00825F372BC1A18A00BC54D1 /* Reative+Extension.swift in Sources */ = {isa = PBXBuildFile; fileRef = 00825F362BC1A18A00BC54D1 /* Reative+Extension.swift */; };
		00DE7CED2BBFE8C1007818DA /* AppDelegate.swift in Sources */ = {isa = PBXBuildFile; fileRef = 00DE7CEC2BBFE8C1007818DA /* AppDelegate.swift */; };
		00DE7CEF2BBFE8C1007818DA /* SceneDelegate.swift in Sources */ = {isa = PBXBuildFile; fileRef = 00DE7CEE2BBFE8C1007818DA /* SceneDelegate.swift */; };
		00DE7CF42BBFE8C1007818DA /* Main.storyboard in Resources */ = {isa = PBXBuildFile; fileRef = 00DE7CF22BBFE8C1007818DA /* Main.storyboard */; };
		00DE7CF62BBFE8C2007818DA /* Assets.xcassets in Resources */ = {isa = PBXBuildFile; fileRef = 00DE7CF52BBFE8C2007818DA /* Assets.xcassets */; };
		00DE7CF92BBFE8C2007818DA /* LaunchScreen.storyboard in Resources */ = {isa = PBXBuildFile; fileRef = 00DE7CF72BBFE8C2007818DA /* LaunchScreen.storyboard */; };
		00DE7D022BBFE904007818DA /* SnapKit in Frameworks */ = {isa = PBXBuildFile; productRef = 00DE7D012BBFE904007818DA /* SnapKit */; };
		00DE7D052BBFE93D007818DA /* RxCocoa in Frameworks */ = {isa = PBXBuildFile; productRef = 00DE7D042BBFE93D007818DA /* RxCocoa */; };
		00DE7D072BBFE93D007818DA /* RxSwift in Frameworks */ = {isa = PBXBuildFile; productRef = 00DE7D062BBFE93D007818DA /* RxSwift */; };
		00DE7D0A2BBFE952007818DA /* Kingfisher in Frameworks */ = {isa = PBXBuildFile; productRef = 00DE7D092BBFE952007818DA /* Kingfisher */; };
		00DE7D122BBFE9DF007818DA /* UIViewControllerConfiguration.swift in Sources */ = {isa = PBXBuildFile; fileRef = 00DE7D112BBFE9DF007818DA /* UIViewControllerConfiguration.swift */; };
		00DE7D142BBFEA4C007818DA /* SearchViewController.swift in Sources */ = {isa = PBXBuildFile; fileRef = 00DE7D132BBFEA4C007818DA /* SearchViewController.swift */; };
		00DE7D162BBFF3EC007818DA /* SearchViewModel.swift in Sources */ = {isa = PBXBuildFile; fileRef = 00DE7D152BBFF3EC007818DA /* SearchViewModel.swift */; };
		00DE7D182BBFF415007818DA /* ViewModelBase.swift in Sources */ = {isa = PBXBuildFile; fileRef = 00DE7D172BBFF415007818DA /* ViewModelBase.swift */; };
/* End PBXBuildFile section */

/* Begin PBXFileReference section */
		002F6A532BC24055005BBBFE /* RecentKeywordTableViewCell.swift */ = {isa = PBXFileReference; lastKnownFileType = sourcecode.swift; path = RecentKeywordTableViewCell.swift; sourceTree = "<group>"; };
		0055CB2B2BC27EB70068E3EB /* UserDefaults+Extension.swift */ = {isa = PBXFileReference; lastKnownFileType = sourcecode.swift; path = "UserDefaults+Extension.swift"; sourceTree = "<group>"; };
		00825EFF2BC12A1800BC54D1 /* ShoppingModel.swift */ = {isa = PBXFileReference; lastKnownFileType = sourcecode.swift; path = ShoppingModel.swift; sourceTree = "<group>"; };
		00825F012BC12C7700BC54D1 /* NaverShoppingManager.swift */ = {isa = PBXFileReference; lastKnownFileType = sourcecode.swift; path = NaverShoppingManager.swift; sourceTree = "<group>"; };
		00825F082BC136EB00BC54D1 /* SearchTableViewCell.swift */ = {isa = PBXFileReference; lastKnownFileType = sourcecode.swift; path = SearchTableViewCell.swift; sourceTree = "<group>"; };
		00825F0A2BC1372400BC54D1 /* UITableViewCellConfiguration.swift */ = {isa = PBXFileReference; lastKnownFileType = sourcecode.swift; path = UITableViewCellConfiguration.swift; sourceTree = "<group>"; };
		00825F0C2BC152B200BC54D1 /* APIKeys.swift */ = {isa = PBXFileReference; lastKnownFileType = sourcecode.swift; path = APIKeys.swift; sourceTree = "<group>"; };
		00825F0E2BC15A8200BC54D1 /* String+Extension.swift */ = {isa = PBXFileReference; lastKnownFileType = sourcecode.swift; path = "String+Extension.swift"; sourceTree = "<group>"; };
		00825F122BC15C4E00BC54D1 /* DetailViewController.swift */ = {isa = PBXFileReference; lastKnownFileType = sourcecode.swift; path = DetailViewController.swift; sourceTree = "<group>"; };
		00825F1A2BC1793900BC54D1 /* MainViewController.swift */ = {isa = PBXFileReference; lastKnownFileType = sourcecode.swift; path = MainViewController.swift; sourceTree = "<group>"; };
		00825F1C2BC179E000BC54D1 /* BookmarkViewController.swift */ = {isa = PBXFileReference; lastKnownFileType = sourcecode.swift; path = BookmarkViewController.swift; sourceTree = "<group>"; };
		00825F202BC17C3C00BC54D1 /* Bookmark.swift */ = {isa = PBXFileReference; lastKnownFileType = sourcecode.swift; path = Bookmark.swift; sourceTree = "<group>"; };
		00825F222BC17D2200BC54D1 /* RealmManager.swift */ = {isa = PBXFileReference; lastKnownFileType = sourcecode.swift; path = RealmManager.swift; sourceTree = "<group>"; };
		00825F242BC17FF300BC54D1 /* DetailViewModel.swift */ = {isa = PBXFileReference; lastKnownFileType = sourcecode.swift; path = DetailViewModel.swift; sourceTree = "<group>"; };
		00825F2D2BC19BA300BC54D1 /* BookmarkCollectionViewCell.swift */ = {isa = PBXFileReference; lastKnownFileType = sourcecode.swift; path = BookmarkCollectionViewCell.swift; sourceTree = "<group>"; };
		00825F2F2BC19BCB00BC54D1 /* UICollectionViewCellConfiguration.swift */ = {isa = PBXFileReference; lastKnownFileType = sourcecode.swift; path = UICollectionViewCellConfiguration.swift; sourceTree = "<group>"; };
		00825F312BC19D5700BC54D1 /* UICollectionViewConfiguration.swift */ = {isa = PBXFileReference; lastKnownFileType = sourcecode.swift; path = UICollectionViewConfiguration.swift; sourceTree = "<group>"; };
		00825F332BC19F3D00BC54D1 /* BookmarkViewModel.swift */ = {isa = PBXFileReference; lastKnownFileType = sourcecode.swift; path = BookmarkViewModel.swift; sourceTree = "<group>"; };
		00825F362BC1A18A00BC54D1 /* Reative+Extension.swift */ = {isa = PBXFileReference; lastKnownFileType = sourcecode.swift; path = "Reative+Extension.swift"; sourceTree = "<group>"; };
		00DE7CE92BBFE8C1007818DA /* iTunes.app */ = {isa = PBXFileReference; explicitFileType = wrapper.application; includeInIndex = 0; path = iTunes.app; sourceTree = BUILT_PRODUCTS_DIR; };
		00DE7CEC2BBFE8C1007818DA /* AppDelegate.swift */ = {isa = PBXFileReference; lastKnownFileType = sourcecode.swift; path = AppDelegate.swift; sourceTree = "<group>"; };
		00DE7CEE2BBFE8C1007818DA /* SceneDelegate.swift */ = {isa = PBXFileReference; lastKnownFileType = sourcecode.swift; path = SceneDelegate.swift; sourceTree = "<group>"; };
		00DE7CF32BBFE8C1007818DA /* Base */ = {isa = PBXFileReference; lastKnownFileType = file.storyboard; name = Base; path = Base.lproj/Main.storyboard; sourceTree = "<group>"; };
		00DE7CF52BBFE8C2007818DA /* Assets.xcassets */ = {isa = PBXFileReference; lastKnownFileType = folder.assetcatalog; path = Assets.xcassets; sourceTree = "<group>"; };
		00DE7CF82BBFE8C2007818DA /* Base */ = {isa = PBXFileReference; lastKnownFileType = file.storyboard; name = Base; path = Base.lproj/LaunchScreen.storyboard; sourceTree = "<group>"; };
		00DE7CFA2BBFE8C2007818DA /* Info.plist */ = {isa = PBXFileReference; lastKnownFileType = text.plist.xml; path = Info.plist; sourceTree = "<group>"; };
		00DE7D112BBFE9DF007818DA /* UIViewControllerConfiguration.swift */ = {isa = PBXFileReference; lastKnownFileType = sourcecode.swift; path = UIViewControllerConfiguration.swift; sourceTree = "<group>"; };
		00DE7D132BBFEA4C007818DA /* SearchViewController.swift */ = {isa = PBXFileReference; lastKnownFileType = sourcecode.swift; path = SearchViewController.swift; sourceTree = "<group>"; };
		00DE7D152BBFF3EC007818DA /* SearchViewModel.swift */ = {isa = PBXFileReference; lastKnownFileType = sourcecode.swift; path = SearchViewModel.swift; sourceTree = "<group>"; };
		00DE7D172BBFF415007818DA /* ViewModelBase.swift */ = {isa = PBXFileReference; lastKnownFileType = sourcecode.swift; path = ViewModelBase.swift; sourceTree = "<group>"; };
/* End PBXFileReference section */

/* Begin PBXFrameworksBuildPhase section */
		00DE7CE62BBFE8C1007818DA /* Frameworks */ = {
			isa = PBXFrameworksBuildPhase;
			buildActionMask = 2147483647;
			files = (
				00825F292BC18D8E00BC54D1 /* Realm in Frameworks */,
				00825F052BC12D1900BC54D1 /* Alamofire in Frameworks */,
				00825F2B2BC18D8E00BC54D1 /* RealmSwift in Frameworks */,
				00DE7D0A2BBFE952007818DA /* Kingfisher in Frameworks */,
				00DE7D072BBFE93D007818DA /* RxSwift in Frameworks */,
				00DE7D052BBFE93D007818DA /* RxCocoa in Frameworks */,
				00DE7D022BBFE904007818DA /* SnapKit in Frameworks */,
			);
			runOnlyForDeploymentPostprocessing = 0;
		};
/* End PBXFrameworksBuildPhase section */

/* Begin PBXGroup section */
		00825F102BC15A9B00BC54D1 /* Extensions */ = {
			isa = PBXGroup;
			children = (
				00825F0E2BC15A8200BC54D1 /* String+Extension.swift */,
				00825F362BC1A18A00BC54D1 /* Reative+Extension.swift */,
				0055CB2B2BC27EB70068E3EB /* UserDefaults+Extension.swift */,
			);
			path = Extensions;
			sourceTree = "<group>";
		};
		00825F112BC15C3700BC54D1 /* Search */ = {
			isa = PBXGroup;
			children = (
				00DE7D132BBFEA4C007818DA /* SearchViewController.swift */,
				00825F082BC136EB00BC54D1 /* SearchTableViewCell.swift */,
				002F6A532BC24055005BBBFE /* RecentKeywordTableViewCell.swift */,
			);
			path = Search;
			sourceTree = "<group>";
		};
		00825F142BC15C5100BC54D1 /* Detail */ = {
			isa = PBXGroup;
			children = (
				00825F122BC15C4E00BC54D1 /* DetailViewController.swift */,
			);
			path = Detail;
			sourceTree = "<group>";
		};
		00825F1E2BC17A1800BC54D1 /* Bookmark */ = {
			isa = PBXGroup;
			children = (
				00825F1C2BC179E000BC54D1 /* BookmarkViewController.swift */,
				00825F2D2BC19BA300BC54D1 /* BookmarkCollectionViewCell.swift */,
			);
			path = Bookmark;
			sourceTree = "<group>";
		};
		00825F1F2BC17A8B00BC54D1 /* Main */ = {
			isa = PBXGroup;
			children = (
				00825F1A2BC1793900BC54D1 /* MainViewController.swift */,
				00825F112BC15C3700BC54D1 /* Search */,
				00825F1E2BC17A1800BC54D1 /* Bookmark */,
			);
			path = Main;
			sourceTree = "<group>";
		};
		00DE7CE02BBFE8C1007818DA = {
			isa = PBXGroup;
			children = (
				00DE7CEB2BBFE8C1007818DA /* iTunes */,
				00DE7CEA2BBFE8C1007818DA /* Products */,
			);
			sourceTree = "<group>";
		};
		00DE7CEA2BBFE8C1007818DA /* Products */ = {
			isa = PBXGroup;
			children = (
				00DE7CE92BBFE8C1007818DA /* iTunes.app */,
			);
			name = Products;
			sourceTree = "<group>";
		};
		00DE7CEB2BBFE8C1007818DA /* iTunes */ = {
			isa = PBXGroup;
			children = (
				00825F102BC15A9B00BC54D1 /* Extensions */,
				00DE7D102BBFE9CA007818DA /* Protocols */,
				00DE7D0F2BBFE9C0007818DA /* Enums */,
				00DE7D0E2BBFE9BA007818DA /* Managers */,
				00DE7D0D2BBFE9B6007818DA /* Models */,
				00DE7D0C2BBFE9B0007818DA /* ViewModels */,
				00DE7D0B2BBFE9A7007818DA /* Scenes */,
				00DE7CEC2BBFE8C1007818DA /* AppDelegate.swift */,
				00DE7CEE2BBFE8C1007818DA /* SceneDelegate.swift */,
				00DE7CF22BBFE8C1007818DA /* Main.storyboard */,
				00DE7CF52BBFE8C2007818DA /* Assets.xcassets */,
				00DE7CF72BBFE8C2007818DA /* LaunchScreen.storyboard */,
				00DE7CFA2BBFE8C2007818DA /* Info.plist */,
				00825F0C2BC152B200BC54D1 /* APIKeys.swift */,
			);
			path = iTunes;
			sourceTree = "<group>";
		};
		00DE7D0B2BBFE9A7007818DA /* Scenes */ = {
			isa = PBXGroup;
			children = (
				00825F1F2BC17A8B00BC54D1 /* Main */,
				00825F142BC15C5100BC54D1 /* Detail */,
			);
			path = Scenes;
			sourceTree = "<group>";
		};
		00DE7D0C2BBFE9B0007818DA /* ViewModels */ = {
			isa = PBXGroup;
			children = (
				00DE7D152BBFF3EC007818DA /* SearchViewModel.swift */,
				00825F242BC17FF300BC54D1 /* DetailViewModel.swift */,
				00825F332BC19F3D00BC54D1 /* BookmarkViewModel.swift */,
			);
			path = ViewModels;
			sourceTree = "<group>";
		};
		00DE7D0D2BBFE9B6007818DA /* Models */ = {
			isa = PBXGroup;
			children = (
				00825EFF2BC12A1800BC54D1 /* ShoppingModel.swift */,
				00825F202BC17C3C00BC54D1 /* Bookmark.swift */,
			);
			path = Models;
			sourceTree = "<group>";
		};
		00DE7D0E2BBFE9BA007818DA /* Managers */ = {
			isa = PBXGroup;
			children = (
				00825F012BC12C7700BC54D1 /* NaverShoppingManager.swift */,
				00825F222BC17D2200BC54D1 /* RealmManager.swift */,
			);
			path = Managers;
			sourceTree = "<group>";
		};
		00DE7D0F2BBFE9C0007818DA /* Enums */ = {
			isa = PBXGroup;
			children = (
			);
			path = Enums;
			sourceTree = "<group>";
		};
		00DE7D102BBFE9CA007818DA /* Protocols */ = {
			isa = PBXGroup;
			children = (
				00DE7D172BBFF415007818DA /* ViewModelBase.swift */,
				00DE7D112BBFE9DF007818DA /* UIViewControllerConfiguration.swift */,
				00825F0A2BC1372400BC54D1 /* UITableViewCellConfiguration.swift */,
				00825F2F2BC19BCB00BC54D1 /* UICollectionViewCellConfiguration.swift */,
				00825F312BC19D5700BC54D1 /* UICollectionViewConfiguration.swift */,
			);
			path = Protocols;
			sourceTree = "<group>";
		};
/* End PBXGroup section */

/* Begin PBXNativeTarget section */
		00DE7CE82BBFE8C1007818DA /* iTunes */ = {
			isa = PBXNativeTarget;
			buildConfigurationList = 00DE7CFD2BBFE8C2007818DA /* Build configuration list for PBXNativeTarget "iTunes" */;
			buildPhases = (
				00DE7CE52BBFE8C1007818DA /* Sources */,
				00DE7CE62BBFE8C1007818DA /* Frameworks */,
				00DE7CE72BBFE8C1007818DA /* Resources */,
			);
			buildRules = (
			);
			dependencies = (
			);
			name = iTunes;
			packageProductDependencies = (
				00DE7D012BBFE904007818DA /* SnapKit */,
				00DE7D042BBFE93D007818DA /* RxCocoa */,
				00DE7D062BBFE93D007818DA /* RxSwift */,
				00DE7D092BBFE952007818DA /* Kingfisher */,
				00825F042BC12D1900BC54D1 /* Alamofire */,
				00825F282BC18D8E00BC54D1 /* Realm */,
				00825F2A2BC18D8E00BC54D1 /* RealmSwift */,
			);
			productName = iTunes;
			productReference = 00DE7CE92BBFE8C1007818DA /* iTunes.app */;
			productType = "com.apple.product-type.application";
		};
/* End PBXNativeTarget section */

/* Begin PBXProject section */
		00DE7CE12BBFE8C1007818DA /* Project object */ = {
			isa = PBXProject;
			attributes = {
				BuildIndependentTargetsInParallel = 1;
				LastSwiftUpdateCheck = 1500;
				LastUpgradeCheck = 1500;
				TargetAttributes = {
					00DE7CE82BBFE8C1007818DA = {
						CreatedOnToolsVersion = 15.0;
					};
				};
			};
			buildConfigurationList = 00DE7CE42BBFE8C1007818DA /* Build configuration list for PBXProject "iTunes" */;
			compatibilityVersion = "Xcode 14.0";
			developmentRegion = en;
			hasScannedForEncodings = 0;
			knownRegions = (
				en,
				Base,
			);
			mainGroup = 00DE7CE02BBFE8C1007818DA;
			packageReferences = (
				00DE7D002BBFE904007818DA /* XCRemoteSwiftPackageReference "SnapKit" */,
				00DE7D032BBFE93D007818DA /* XCRemoteSwiftPackageReference "RxSwift" */,
				00DE7D082BBFE952007818DA /* XCRemoteSwiftPackageReference "Kingfisher" */,
				00825F032BC12D1900BC54D1 /* XCRemoteSwiftPackageReference "Alamofire" */,
				00825F272BC18D8E00BC54D1 /* XCRemoteSwiftPackageReference "realm-swift" */,
			);
			productRefGroup = 00DE7CEA2BBFE8C1007818DA /* Products */;
			projectDirPath = "";
			projectRoot = "";
			targets = (
				00DE7CE82BBFE8C1007818DA /* iTunes */,
			);
		};
/* End PBXProject section */

/* Begin PBXResourcesBuildPhase section */
		00DE7CE72BBFE8C1007818DA /* Resources */ = {
			isa = PBXResourcesBuildPhase;
			buildActionMask = 2147483647;
			files = (
				00DE7CF92BBFE8C2007818DA /* LaunchScreen.storyboard in Resources */,
				00DE7CF62BBFE8C2007818DA /* Assets.xcassets in Resources */,
				00DE7CF42BBFE8C1007818DA /* Main.storyboard in Resources */,
			);
			runOnlyForDeploymentPostprocessing = 0;
		};
/* End PBXResourcesBuildPhase section */

/* Begin PBXSourcesBuildPhase section */
		00DE7CE52BBFE8C1007818DA /* Sources */ = {
			isa = PBXSourcesBuildPhase;
			buildActionMask = 2147483647;
			files = (
				002F6A542BC24055005BBBFE /* RecentKeywordTableViewCell.swift in Sources */,
				00825F132BC15C4E00BC54D1 /* DetailViewController.swift in Sources */,
				00825F0D2BC152B200BC54D1 /* APIKeys.swift in Sources */,
				00825F092BC136EB00BC54D1 /* SearchTableViewCell.swift in Sources */,
				00825F302BC19BCB00BC54D1 /* UICollectionViewCellConfiguration.swift in Sources */,
				00825F002BC12A1800BC54D1 /* ShoppingModel.swift in Sources */,
				00DE7D122BBFE9DF007818DA /* UIViewControllerConfiguration.swift in Sources */,
				00DE7D162BBFF3EC007818DA /* SearchViewModel.swift in Sources */,
				00825F232BC17D2200BC54D1 /* RealmManager.swift in Sources */,
				00825F1D2BC179E000BC54D1 /* BookmarkViewController.swift in Sources */,
				00825F0B2BC1372400BC54D1 /* UITableViewCellConfiguration.swift in Sources */,
				00825F322BC19D5700BC54D1 /* UICollectionViewConfiguration.swift in Sources */,
				00825F1B2BC1793900BC54D1 /* MainViewController.swift in Sources */,
				00DE7CED2BBFE8C1007818DA /* AppDelegate.swift in Sources */,
				00825F0F2BC15A8200BC54D1 /* String+Extension.swift in Sources */,
				00DE7D142BBFEA4C007818DA /* SearchViewController.swift in Sources */,
				00825F372BC1A18A00BC54D1 /* Reative+Extension.swift in Sources */,
				00825F252BC17FF300BC54D1 /* DetailViewModel.swift in Sources */,
				00825F2E2BC19BA300BC54D1 /* BookmarkCollectionViewCell.swift in Sources */,
				00825F022BC12C7700BC54D1 /* NaverShoppingManager.swift in Sources */,
				00825F342BC19F3D00BC54D1 /* BookmarkViewModel.swift in Sources */,
				0055CB2C2BC27EB70068E3EB /* UserDefaults+Extension.swift in Sources */,
				00DE7CEF2BBFE8C1007818DA /* SceneDelegate.swift in Sources */,
				00DE7D182BBFF415007818DA /* ViewModelBase.swift in Sources */,
				00825F212BC17C3C00BC54D1 /* Bookmark.swift in Sources */,
			);
			runOnlyForDeploymentPostprocessing = 0;
		};
/* End PBXSourcesBuildPhase section */

/* Begin PBXVariantGroup section */
		00DE7CF22BBFE8C1007818DA /* Main.storyboard */ = {
			isa = PBXVariantGroup;
			children = (
				00DE7CF32BBFE8C1007818DA /* Base */,
			);
			name = Main.storyboard;
			sourceTree = "<group>";
		};
		00DE7CF72BBFE8C2007818DA /* LaunchScreen.storyboard */ = {
			isa = PBXVariantGroup;
			children = (
				00DE7CF82BBFE8C2007818DA /* Base */,
			);
			name = LaunchScreen.storyboard;
			sourceTree = "<group>";
		};
/* End PBXVariantGroup section */

/* Begin XCBuildConfiguration section */
		00DE7CFB2BBFE8C2007818DA /* Debug */ = {
			isa = XCBuildConfiguration;
			buildSettings = {
				ALWAYS_SEARCH_USER_PATHS = NO;
				ASSETCATALOG_COMPILER_GENERATE_SWIFT_ASSET_SYMBOL_EXTENSIONS = YES;
				CLANG_ANALYZER_NONNULL = YES;
				CLANG_ANALYZER_NUMBER_OBJECT_CONVERSION = YES_AGGRESSIVE;
				CLANG_CXX_LANGUAGE_STANDARD = "gnu++20";
				CLANG_ENABLE_MODULES = YES;
				CLANG_ENABLE_OBJC_ARC = YES;
				CLANG_ENABLE_OBJC_WEAK = YES;
				CLANG_WARN_BLOCK_CAPTURE_AUTORELEASING = YES;
				CLANG_WARN_BOOL_CONVERSION = YES;
				CLANG_WARN_COMMA = YES;
				CLANG_WARN_CONSTANT_CONVERSION = YES;
				CLANG_WARN_DEPRECATED_OBJC_IMPLEMENTATIONS = YES;
				CLANG_WARN_DIRECT_OBJC_ISA_USAGE = YES_ERROR;
				CLANG_WARN_DOCUMENTATION_COMMENTS = YES;
				CLANG_WARN_EMPTY_BODY = YES;
				CLANG_WARN_ENUM_CONVERSION = YES;
				CLANG_WARN_INFINITE_RECURSION = YES;
				CLANG_WARN_INT_CONVERSION = YES;
				CLANG_WARN_NON_LITERAL_NULL_CONVERSION = YES;
				CLANG_WARN_OBJC_IMPLICIT_RETAIN_SELF = YES;
				CLANG_WARN_OBJC_LITERAL_CONVERSION = YES;
				CLANG_WARN_OBJC_ROOT_CLASS = YES_ERROR;
				CLANG_WARN_QUOTED_INCLUDE_IN_FRAMEWORK_HEADER = YES;
				CLANG_WARN_RANGE_LOOP_ANALYSIS = YES;
				CLANG_WARN_STRICT_PROTOTYPES = YES;
				CLANG_WARN_SUSPICIOUS_MOVE = YES;
				CLANG_WARN_UNGUARDED_AVAILABILITY = YES_AGGRESSIVE;
				CLANG_WARN_UNREACHABLE_CODE = YES;
				CLANG_WARN__DUPLICATE_METHOD_MATCH = YES;
				COPY_PHASE_STRIP = NO;
				DEBUG_INFORMATION_FORMAT = dwarf;
				ENABLE_STRICT_OBJC_MSGSEND = YES;
				ENABLE_TESTABILITY = YES;
				ENABLE_USER_SCRIPT_SANDBOXING = YES;
				GCC_C_LANGUAGE_STANDARD = gnu17;
				GCC_DYNAMIC_NO_PIC = NO;
				GCC_NO_COMMON_BLOCKS = YES;
				GCC_OPTIMIZATION_LEVEL = 0;
				GCC_PREPROCESSOR_DEFINITIONS = (
					"DEBUG=1",
					"$(inherited)",
				);
				GCC_WARN_64_TO_32_BIT_CONVERSION = YES;
				GCC_WARN_ABOUT_RETURN_TYPE = YES_ERROR;
				GCC_WARN_UNDECLARED_SELECTOR = YES;
				GCC_WARN_UNINITIALIZED_AUTOS = YES_AGGRESSIVE;
				GCC_WARN_UNUSED_FUNCTION = YES;
				GCC_WARN_UNUSED_VARIABLE = YES;
				IPHONEOS_DEPLOYMENT_TARGET = 17.0;
				LOCALIZATION_PREFERS_STRING_CATALOGS = YES;
				MTL_ENABLE_DEBUG_INFO = INCLUDE_SOURCE;
				MTL_FAST_MATH = YES;
				ONLY_ACTIVE_ARCH = YES;
				SDKROOT = iphoneos;
				SWIFT_ACTIVE_COMPILATION_CONDITIONS = "DEBUG $(inherited)";
				SWIFT_OPTIMIZATION_LEVEL = "-Onone";
			};
			name = Debug;
		};
		00DE7CFC2BBFE8C2007818DA /* Release */ = {
			isa = XCBuildConfiguration;
			buildSettings = {
				ALWAYS_SEARCH_USER_PATHS = NO;
				ASSETCATALOG_COMPILER_GENERATE_SWIFT_ASSET_SYMBOL_EXTENSIONS = YES;
				CLANG_ANALYZER_NONNULL = YES;
				CLANG_ANALYZER_NUMBER_OBJECT_CONVERSION = YES_AGGRESSIVE;
				CLANG_CXX_LANGUAGE_STANDARD = "gnu++20";
				CLANG_ENABLE_MODULES = YES;
				CLANG_ENABLE_OBJC_ARC = YES;
				CLANG_ENABLE_OBJC_WEAK = YES;
				CLANG_WARN_BLOCK_CAPTURE_AUTORELEASING = YES;
				CLANG_WARN_BOOL_CONVERSION = YES;
				CLANG_WARN_COMMA = YES;
				CLANG_WARN_CONSTANT_CONVERSION = YES;
				CLANG_WARN_DEPRECATED_OBJC_IMPLEMENTATIONS = YES;
				CLANG_WARN_DIRECT_OBJC_ISA_USAGE = YES_ERROR;
				CLANG_WARN_DOCUMENTATION_COMMENTS = YES;
				CLANG_WARN_EMPTY_BODY = YES;
				CLANG_WARN_ENUM_CONVERSION = YES;
				CLANG_WARN_INFINITE_RECURSION = YES;
				CLANG_WARN_INT_CONVERSION = YES;
				CLANG_WARN_NON_LITERAL_NULL_CONVERSION = YES;
				CLANG_WARN_OBJC_IMPLICIT_RETAIN_SELF = YES;
				CLANG_WARN_OBJC_LITERAL_CONVERSION = YES;
				CLANG_WARN_OBJC_ROOT_CLASS = YES_ERROR;
				CLANG_WARN_QUOTED_INCLUDE_IN_FRAMEWORK_HEADER = YES;
				CLANG_WARN_RANGE_LOOP_ANALYSIS = YES;
				CLANG_WARN_STRICT_PROTOTYPES = YES;
				CLANG_WARN_SUSPICIOUS_MOVE = YES;
				CLANG_WARN_UNGUARDED_AVAILABILITY = YES_AGGRESSIVE;
				CLANG_WARN_UNREACHABLE_CODE = YES;
				CLANG_WARN__DUPLICATE_METHOD_MATCH = YES;
				COPY_PHASE_STRIP = NO;
				DEBUG_INFORMATION_FORMAT = "dwarf-with-dsym";
				ENABLE_NS_ASSERTIONS = NO;
				ENABLE_STRICT_OBJC_MSGSEND = YES;
				ENABLE_USER_SCRIPT_SANDBOXING = YES;
				GCC_C_LANGUAGE_STANDARD = gnu17;
				GCC_NO_COMMON_BLOCKS = YES;
				GCC_WARN_64_TO_32_BIT_CONVERSION = YES;
				GCC_WARN_ABOUT_RETURN_TYPE = YES_ERROR;
				GCC_WARN_UNDECLARED_SELECTOR = YES;
				GCC_WARN_UNINITIALIZED_AUTOS = YES_AGGRESSIVE;
				GCC_WARN_UNUSED_FUNCTION = YES;
				GCC_WARN_UNUSED_VARIABLE = YES;
				IPHONEOS_DEPLOYMENT_TARGET = 17.0;
				LOCALIZATION_PREFERS_STRING_CATALOGS = YES;
				MTL_ENABLE_DEBUG_INFO = NO;
				MTL_FAST_MATH = YES;
				SDKROOT = iphoneos;
				SWIFT_COMPILATION_MODE = wholemodule;
				VALIDATE_PRODUCT = YES;
			};
			name = Release;
		};
		00DE7CFE2BBFE8C2007818DA /* Debug */ = {
			isa = XCBuildConfiguration;
			buildSettings = {
				ASSETCATALOG_COMPILER_APPICON_NAME = AppIcon;
				ASSETCATALOG_COMPILER_GLOBAL_ACCENT_COLOR_NAME = AccentColor;
				CODE_SIGN_STYLE = Automatic;
				CURRENT_PROJECT_VERSION = 1;
				GENERATE_INFOPLIST_FILE = YES;
				INFOPLIST_FILE = iTunes/Info.plist;
				INFOPLIST_KEY_UIApplicationSupportsIndirectInputEvents = YES;
				INFOPLIST_KEY_UILaunchStoryboardName = LaunchScreen;
				INFOPLIST_KEY_UIMainStoryboardFile = Main;
				INFOPLIST_KEY_UISupportedInterfaceOrientations = UIInterfaceOrientationPortrait;
				INFOPLIST_KEY_UISupportedInterfaceOrientations_iPad = "UIInterfaceOrientationLandscapeLeft UIInterfaceOrientationLandscapeRight UIInterfaceOrientationPortrait UIInterfaceOrientationPortraitUpsideDown";
				LD_RUNPATH_SEARCH_PATHS = (
					"$(inherited)",
					"@executable_path/Frameworks",
				);
				MARKETING_VERSION = 1.0;
				PRODUCT_BUNDLE_IDENTIFIER = com.constdreamcoder.iTunes;
				PRODUCT_NAME = "$(TARGET_NAME)";
				SUPPORTED_PLATFORMS = "iphoneos iphonesimulator";
				SUPPORTS_MACCATALYST = NO;
				SUPPORTS_MAC_DESIGNED_FOR_IPHONE_IPAD = NO;
				SWIFT_EMIT_LOC_STRINGS = YES;
				SWIFT_VERSION = 5.0;
				TARGETED_DEVICE_FAMILY = 1;
			};
			name = Debug;
		};
		00DE7CFF2BBFE8C2007818DA /* Release */ = {
			isa = XCBuildConfiguration;
			buildSettings = {
				ASSETCATALOG_COMPILER_APPICON_NAME = AppIcon;
				ASSETCATALOG_COMPILER_GLOBAL_ACCENT_COLOR_NAME = AccentColor;
				CODE_SIGN_STYLE = Automatic;
				CURRENT_PROJECT_VERSION = 1;
				GENERATE_INFOPLIST_FILE = YES;
				INFOPLIST_FILE = iTunes/Info.plist;
				INFOPLIST_KEY_UIApplicationSupportsIndirectInputEvents = YES;
				INFOPLIST_KEY_UILaunchStoryboardName = LaunchScreen;
				INFOPLIST_KEY_UIMainStoryboardFile = Main;
				INFOPLIST_KEY_UISupportedInterfaceOrientations = UIInterfaceOrientationPortrait;
				INFOPLIST_KEY_UISupportedInterfaceOrientations_iPad = "UIInterfaceOrientationLandscapeLeft UIInterfaceOrientationLandscapeRight UIInterfaceOrientationPortrait UIInterfaceOrientationPortraitUpsideDown";
				LD_RUNPATH_SEARCH_PATHS = (
					"$(inherited)",
					"@executable_path/Frameworks",
				);
				MARKETING_VERSION = 1.0;
				PRODUCT_BUNDLE_IDENTIFIER = com.constdreamcoder.iTunes;
				PRODUCT_NAME = "$(TARGET_NAME)";
				SUPPORTED_PLATFORMS = "iphoneos iphonesimulator";
				SUPPORTS_MACCATALYST = NO;
				SUPPORTS_MAC_DESIGNED_FOR_IPHONE_IPAD = NO;
				SWIFT_EMIT_LOC_STRINGS = YES;
				SWIFT_VERSION = 5.0;
				TARGETED_DEVICE_FAMILY = 1;
			};
			name = Release;
		};
/* End XCBuildConfiguration section */

/* Begin XCConfigurationList section */
		00DE7CE42BBFE8C1007818DA /* Build configuration list for PBXProject "iTunes" */ = {
			isa = XCConfigurationList;
			buildConfigurations = (
				00DE7CFB2BBFE8C2007818DA /* Debug */,
				00DE7CFC2BBFE8C2007818DA /* Release */,
			);
			defaultConfigurationIsVisible = 0;
			defaultConfigurationName = Release;
		};
		00DE7CFD2BBFE8C2007818DA /* Build configuration list for PBXNativeTarget "iTunes" */ = {
			isa = XCConfigurationList;
			buildConfigurations = (
				00DE7CFE2BBFE8C2007818DA /* Debug */,
				00DE7CFF2BBFE8C2007818DA /* Release */,
			);
			defaultConfigurationIsVisible = 0;
			defaultConfigurationName = Release;
		};
/* End XCConfigurationList section */

/* Begin XCRemoteSwiftPackageReference section */
		00825F032BC12D1900BC54D1 /* XCRemoteSwiftPackageReference "Alamofire" */ = {
			isa = XCRemoteSwiftPackageReference;
			repositoryURL = "https://github.com/Alamofire/Alamofire.git";
			requirement = {
				kind = upToNextMajorVersion;
				minimumVersion = 5.9.1;
			};
		};
		00825F272BC18D8E00BC54D1 /* XCRemoteSwiftPackageReference "realm-swift" */ = {
			isa = XCRemoteSwiftPackageReference;
			repositoryURL = "https://github.com/realm/realm-swift.git";
			requirement = {
				kind = exactVersion;
				version = 10.48.1;
			};
		};
		00DE7D002BBFE904007818DA /* XCRemoteSwiftPackageReference "SnapKit" */ = {
			isa = XCRemoteSwiftPackageReference;
			repositoryURL = "https://github.com/SnapKit/SnapKit.git";
			requirement = {
				kind = upToNextMajorVersion;
				minimumVersion = 5.7.1;
			};
		};
		00DE7D032BBFE93D007818DA /* XCRemoteSwiftPackageReference "RxSwift" */ = {
			isa = XCRemoteSwiftPackageReference;
			repositoryURL = "https://github.com/ReactiveX/RxSwift.git";
			requirement = {
				kind = upToNextMajorVersion;
				minimumVersion = 6.6.0;
			};
		};
		00DE7D082BBFE952007818DA /* XCRemoteSwiftPackageReference "Kingfisher" */ = {
			isa = XCRemoteSwiftPackageReference;
			repositoryURL = "https://github.com/onevcat/Kingfisher.git";
			requirement = {
				kind = upToNextMajorVersion;
				minimumVersion = 7.11.0;
			};
		};
/* End XCRemoteSwiftPackageReference section */

/* Begin XCSwiftPackageProductDependency section */
		00825F042BC12D1900BC54D1 /* Alamofire */ = {
			isa = XCSwiftPackageProductDependency;
			package = 00825F032BC12D1900BC54D1 /* XCRemoteSwiftPackageReference "Alamofire" */;
			productName = Alamofire;
		};
		00825F282BC18D8E00BC54D1 /* Realm */ = {
			isa = XCSwiftPackageProductDependency;
			package = 00825F272BC18D8E00BC54D1 /* XCRemoteSwiftPackageReference "realm-swift" */;
			productName = Realm;
		};
		00825F2A2BC18D8E00BC54D1 /* RealmSwift */ = {
			isa = XCSwiftPackageProductDependency;
			package = 00825F272BC18D8E00BC54D1 /* XCRemoteSwiftPackageReference "realm-swift" */;
			productName = RealmSwift;
		};
		00DE7D012BBFE904007818DA /* SnapKit */ = {
			isa = XCSwiftPackageProductDependency;
			package = 00DE7D002BBFE904007818DA /* XCRemoteSwiftPackageReference "SnapKit" */;
			productName = SnapKit;
		};
		00DE7D042BBFE93D007818DA /* RxCocoa */ = {
			isa = XCSwiftPackageProductDependency;
			package = 00DE7D032BBFE93D007818DA /* XCRemoteSwiftPackageReference "RxSwift" */;
			productName = RxCocoa;
		};
		00DE7D062BBFE93D007818DA /* RxSwift */ = {
			isa = XCSwiftPackageProductDependency;
			package = 00DE7D032BBFE93D007818DA /* XCRemoteSwiftPackageReference "RxSwift" */;
			productName = RxSwift;
		};
		00DE7D092BBFE952007818DA /* Kingfisher */ = {
			isa = XCSwiftPackageProductDependency;
			package = 00DE7D082BBFE952007818DA /* XCRemoteSwiftPackageReference "Kingfisher" */;
			productName = Kingfisher;
		};
/* End XCSwiftPackageProductDependency section */
	};
	rootObject = 00DE7CE12BBFE8C1007818DA /* Project object */;
}
